// !$*UTF8*$!
{
	archiveVersion = 1;
	classes = {
	};
	objectVersion = 77;
	objects = {

/* Begin PBXBuildFile section */
		1D05D32F2EF591DE00A34904 /* Alamofire in Frameworks */ = {isa = PBXBuildFile; productRef = 1D05D32E2EF591DE00A34904 /* Alamofire */; };
		1D05D3642F14008400A34904 /* Secrets.xcconfig in Resources */ = {isa = PBXBuildFile; fileRef = 1D05D3632F14008400A34904 /* Secrets.xcconfig */; };
		1DFA12862ED8D86200B189B6 /* DataProvider in Frameworks */ = {isa = PBXBuildFile; productRef = 1DFA12852ED8D86200B189B6 /* DataProvider */; };
/* End PBXBuildFile section */

/* Begin PBXContainerItemProxy section */
		1D25312F2ED5F33000913DD5 /* PBXContainerItemProxy */ = {
			isa = PBXContainerItemProxy;
			containerPortal = 1D2531172ED5F32F00913DD5 /* Project object */;
			proxyType = 1;
			remoteGlobalIDString = 1D25311E2ED5F32F00913DD5;
			remoteInfo = H2Oe;
		};
		1D2531392ED5F33000913DD5 /* PBXContainerItemProxy */ = {
			isa = PBXContainerItemProxy;
			containerPortal = 1D2531172ED5F32F00913DD5 /* Project object */;
			proxyType = 1;
			remoteGlobalIDString = 1D25311E2ED5F32F00913DD5;
			remoteInfo = H2Oe;
		};
/* End PBXContainerItemProxy section */

/* Begin PBXFileReference section */
		1D05D3632F14008400A34904 /* Secrets.xcconfig */ = {isa = PBXFileReference; lastKnownFileType = text.xcconfig; path = Secrets.xcconfig; sourceTree = "<group>"; };
		1D25311F2ED5F32F00913DD5 /* H2Oe.app */ = {isa = PBXFileReference; explicitFileType = wrapper.application; includeInIndex = 0; path = H2Oe.app; sourceTree = BUILT_PRODUCTS_DIR; };
		1D25312E2ED5F33000913DD5 /* H2OeTests.xctest */ = {isa = PBXFileReference; explicitFileType = wrapper.cfbundle; includeInIndex = 0; path = H2OeTests.xctest; sourceTree = BUILT_PRODUCTS_DIR; };
		1D2531382ED5F33000913DD5 /* H2OeUITests.xctest */ = {isa = PBXFileReference; explicitFileType = wrapper.cfbundle; includeInIndex = 0; path = H2OeUITests.xctest; sourceTree = BUILT_PRODUCTS_DIR; };
/* End PBXFileReference section */

/* Begin PBXFileSystemSynchronizedBuildFileExceptionSet section */
		1D05D3662F14039D00A34904 /* Exceptions for "H2Oe" folder in "H2Oe" target */ = {
			isa = PBXFileSystemSynchronizedBuildFileExceptionSet;
			membershipExceptions = (
				Info.plist,
			);
			target = 1D25311E2ED5F32F00913DD5 /* H2Oe */;
		};
		1D5E6F0A2F2298A000422916 /* Exceptions for "H2OeUITests" folder in "H2OeTests" target */ = {
			isa = PBXFileSystemSynchronizedBuildFileExceptionSet;
			membershipExceptions = (
				H2OeUITests.swift,
				H2OeUITestsLaunchTests.swift,
			);
			target = 1D25312D2ED5F33000913DD5 /* H2OeTests */;
		};
		1D5E6F0B2F2298A000422916 /* Exceptions for "H2OeUITests" folder in "H2OeUITests" target */ = {
			isa = PBXFileSystemSynchronizedBuildFileExceptionSet;
			membershipExceptions = (
				H2OeUITests.swift,
				H2OeUITestsLaunchTests.swift,
			);
			target = 1D2531372ED5F33000913DD5 /* H2OeUITests */;
		};
/* End PBXFileSystemSynchronizedBuildFileExceptionSet section */

/* Begin PBXFileSystemSynchronizedRootGroup section */
		1D2531212ED5F32F00913DD5 /* H2Oe */ = {
			isa = PBXFileSystemSynchronizedRootGroup;
			exceptions = (
				1D05D3662F14039D00A34904 /* Exceptions for "H2Oe" folder in "H2Oe" target */,
			);
			path = H2Oe;
			sourceTree = "<group>";
		};
		1D2531312ED5F33000913DD5 /* H2OeTests */ = {
			isa = PBXFileSystemSynchronizedRootGroup;
			path = H2OeTests;
			sourceTree = "<group>";
		};
		1D5E6F072F2298A000422916 /* H2OeUITests */ = {
			isa = PBXFileSystemSynchronizedRootGroup;
			exceptions = (
				1D5E6F0A2F2298A000422916 /* Exceptions for "H2OeUITests" folder in "H2OeTests" target */,
				1D5E6F0B2F2298A000422916 /* Exceptions for "H2OeUITests" folder in "H2OeUITests" target */,
			);
			path = H2OeUITests;
			sourceTree = "<group>";
		};
/* End PBXFileSystemSynchronizedRootGroup section */

/* Begin PBXFrameworksBuildPhase section */
		1D25311C2ED5F32F00913DD5 /* Frameworks */ = {
			isa = PBXFrameworksBuildPhase;
			buildActionMask = 2147483647;
			files = (
				1DFA12862ED8D86200B189B6 /* DataProvider in Frameworks */,
				1D05D32F2EF591DE00A34904 /* Alamofire in Frameworks */,
			);
			runOnlyForDeploymentPostprocessing = 0;
		};
		1D25312B2ED5F33000913DD5 /* Frameworks */ = {
			isa = PBXFrameworksBuildPhase;
			buildActionMask = 2147483647;
			files = (
			);
			runOnlyForDeploymentPostprocessing = 0;
		};
		1D2531352ED5F33000913DD5 /* Frameworks */ = {
			isa = PBXFrameworksBuildPhase;
			buildActionMask = 2147483647;
			files = (
			);
			runOnlyForDeploymentPostprocessing = 0;
		};
/* End PBXFrameworksBuildPhase section */

/* Begin PBXGroup section */
		1D2531162ED5F32F00913DD5 = {
			isa = PBXGroup;
			children = (
				1D2531212ED5F32F00913DD5 /* H2Oe */,
				1D5E6F072F2298A000422916 /* H2OeUITests */,
				1D2531312ED5F33000913DD5 /* H2OeTests */,
				1DFA12582ED8D2A200B189B6 /* Frameworks */,
				1D2531202ED5F32F00913DD5 /* Products */,
				1D05D3632F14008400A34904 /* Secrets.xcconfig */,
			);
			sourceTree = "<group>";
		};
		1D2531202ED5F32F00913DD5 /* Products */ = {
			isa = PBXGroup;
			children = (
				1D25311F2ED5F32F00913DD5 /* H2Oe.app */,
				1D25312E2ED5F33000913DD5 /* H2OeTests.xctest */,
				1D2531382ED5F33000913DD5 /* H2OeUITests.xctest */,
			);
			name = Products;
			sourceTree = "<group>";
		};
		1DFA12582ED8D2A200B189B6 /* Frameworks */ = {
			isa = PBXGroup;
			children = (
			);
			name = Frameworks;
			sourceTree = "<group>";
		};
/* End PBXGroup section */

/* Begin PBXNativeTarget section */
		1D25311E2ED5F32F00913DD5 /* H2Oe */ = {
			isa = PBXNativeTarget;
			buildConfigurationList = 1D2531422ED5F33000913DD5 /* Build configuration list for PBXNativeTarget "H2Oe" */;
			buildPhases = (
				1D25311B2ED5F32F00913DD5 /* Sources */,
				1D25311C2ED5F32F00913DD5 /* Frameworks */,
				1D25311D2ED5F32F00913DD5 /* Resources */,
			);
			buildRules = (
			);
			dependencies = (
			);
			fileSystemSynchronizedGroups = (
				1D2531212ED5F32F00913DD5 /* H2Oe */,
			);
			name = H2Oe;
			packageProductDependencies = (
				1DFA12852ED8D86200B189B6 /* DataProvider */,
				1D05D32E2EF591DE00A34904 /* Alamofire */,
			);
			productName = H2Oe;
			productReference = 1D25311F2ED5F32F00913DD5 /* H2Oe.app */;
			productType = "com.apple.product-type.application";
		};
		1D25312D2ED5F33000913DD5 /* H2OeTests */ = {
			isa = PBXNativeTarget;
			buildConfigurationList = 1D2531452ED5F33000913DD5 /* Build configuration list for PBXNativeTarget "H2OeTests" */;
			buildPhases = (
				1D25312A2ED5F33000913DD5 /* Sources */,
				1D25312B2ED5F33000913DD5 /* Frameworks */,
				1D25312C2ED5F33000913DD5 /* Resources */,
			);
			buildRules = (
			);
			dependencies = (
				1D2531302ED5F33000913DD5 /* PBXTargetDependency */,
			);
			fileSystemSynchronizedGroups = (
				1D2531312ED5F33000913DD5 /* H2OeTests */,
				1D5E6F072F2298A000422916 /* H2OeUITests */,
			);
			name = H2OeTests;
			packageProductDependencies = (
			);
			productName = H2OeTests;
			productReference = 1D25312E2ED5F33000913DD5 /* H2OeTests.xctest */;
			productType = "com.apple.product-type.bundle.unit-test";
		};
		1D2531372ED5F33000913DD5 /* H2OeUITests */ = {
			isa = PBXNativeTarget;
			buildConfigurationList = 1D2531482ED5F33000913DD5 /* Build configuration list for PBXNativeTarget "H2OeUITests" */;
			buildPhases = (
				1D2531342ED5F33000913DD5 /* Sources */,
				1D2531352ED5F33000913DD5 /* Frameworks */,
				1D2531362ED5F33000913DD5 /* Resources */,
			);
			buildRules = (
			);
			dependencies = (
				1D25313A2ED5F33000913DD5 /* PBXTargetDependency */,
			);
			name = H2OeUITests;
			packageProductDependencies = (
			);
			productName = H2OeUITests;
			productReference = 1D2531382ED5F33000913DD5 /* H2OeUITests.xctest */;
			productType = "com.apple.product-type.bundle.ui-testing";
		};
/* End PBXNativeTarget section */

/* Begin PBXProject section */
		1D2531172ED5F32F00913DD5 /* Project object */ = {
			isa = PBXProject;
			attributes = {
				BuildIndependentTargetsInParallel = 1;
				LastSwiftUpdateCheck = 2600;
				LastUpgradeCheck = 2600;
				TargetAttributes = {
					1D25311E2ED5F32F00913DD5 = {
						CreatedOnToolsVersion = 26.0.1;
					};
					1D25312D2ED5F33000913DD5 = {
						CreatedOnToolsVersion = 26.0.1;
						TestTargetID = 1D25311E2ED5F32F00913DD5;
					};
					1D2531372ED5F33000913DD5 = {
						CreatedOnToolsVersion = 26.0.1;
						TestTargetID = 1D25311E2ED5F32F00913DD5;
					};
				};
			};
			buildConfigurationList = 1D25311A2ED5F32F00913DD5 /* Build configuration list for PBXProject "H2Oe" */;
			developmentRegion = en;
			hasScannedForEncodings = 0;
			knownRegions = (
				en,
				Base,
			);
			mainGroup = 1D2531162ED5F32F00913DD5;
			minimizedProjectReferenceProxies = 1;
			packageReferences = (
				1DFA12842ED8D84900B189B6 /* XCLocalSwiftPackageReference "../DataProvider" */,
				1D05D32D2EF591DE00A34904 /* XCRemoteSwiftPackageReference "Alamofire" */,
			);
			preferredProjectObjectVersion = 77;
			productRefGroup = 1D2531202ED5F32F00913DD5 /* Products */;
			projectDirPath = "";
			projectRoot = "";
			targets = (
				1D25311E2ED5F32F00913DD5 /* H2Oe */,
				1D25312D2ED5F33000913DD5 /* H2OeTests */,
				1D2531372ED5F33000913DD5 /* H2OeUITests */,
			);
		};
/* End PBXProject section */

/* Begin PBXResourcesBuildPhase section */
		1D25311D2ED5F32F00913DD5 /* Resources */ = {
			isa = PBXResourcesBuildPhase;
			buildActionMask = 2147483647;
			files = (
				1D05D3642F14008400A34904 /* Secrets.xcconfig in Resources */,
			);
			runOnlyForDeploymentPostprocessing = 0;
		};
		1D25312C2ED5F33000913DD5 /* Resources */ = {
			isa = PBXResourcesBuildPhase;
			buildActionMask = 2147483647;
			files = (
			);
			runOnlyForDeploymentPostprocessing = 0;
		};
		1D2531362ED5F33000913DD5 /* Resources */ = {
			isa = PBXResourcesBuildPhase;
			buildActionMask = 2147483647;
			files = (
			);
			runOnlyForDeploymentPostprocessing = 0;
		};
/* End PBXResourcesBuildPhase section */

/* Begin PBXSourcesBuildPhase section */
		1D25311B2ED5F32F00913DD5 /* Sources */ = {
			isa = PBXSourcesBuildPhase;
			buildActionMask = 2147483647;
			files = (
			);
			runOnlyForDeploymentPostprocessing = 0;
		};
		1D25312A2ED5F33000913DD5 /* Sources */ = {
			isa = PBXSourcesBuildPhase;
			buildActionMask = 2147483647;
			files = (
			);
			runOnlyForDeploymentPostprocessing = 0;
		};
		1D2531342ED5F33000913DD5 /* Sources */ = {
			isa = PBXSourcesBuildPhase;
			buildActionMask = 2147483647;
			files = (
			);
			runOnlyForDeploymentPostprocessing = 0;
		};
/* End PBXSourcesBuildPhase section */

/* Begin PBXTargetDependency section */
		1D2531302ED5F33000913DD5 /* PBXTargetDependency */ = {
			isa = PBXTargetDependency;
			target = 1D25311E2ED5F32F00913DD5 /* H2Oe */;
			targetProxy = 1D25312F2ED5F33000913DD5 /* PBXContainerItemProxy */;
		};
		1D25313A2ED5F33000913DD5 /* PBXTargetDependency */ = {
			isa = PBXTargetDependency;
			target = 1D25311E2ED5F32F00913DD5 /* H2Oe */;
			targetProxy = 1D2531392ED5F33000913DD5 /* PBXContainerItemProxy */;
		};
/* End PBXTargetDependency section */

/* Begin XCBuildConfiguration section */
		1D2531402ED5F33000913DD5 /* Debug */ = {
			isa = XCBuildConfiguration;
			baseConfigurationReference = 1D05D3632F14008400A34904 /* Secrets.xcconfig */;
			buildSettings = {
				ALWAYS_SEARCH_USER_PATHS = NO;
				ASSETCATALOG_COMPILER_GENERATE_SWIFT_ASSET_SYMBOL_EXTENSIONS = YES;
				CLANG_ANALYZER_NONNULL = YES;
				CLANG_ANALYZER_NUMBER_OBJECT_CONVERSION = YES_AGGRESSIVE;
				CLANG_CXX_LANGUAGE_STANDARD = "gnu++20";
				CLANG_ENABLE_MODULES = YES;
				CLANG_ENABLE_OBJC_ARC = YES;
				CLANG_ENABLE_OBJC_WEAK = YES;
				CLANG_WARN_BLOCK_CAPTURE_AUTORELEASING = YES;
				CLANG_WARN_BOOL_CONVERSION = YES;
				CLANG_WARN_COMMA = YES;
				CLANG_WARN_CONSTANT_CONVERSION = YES;
				CLANG_WARN_DEPRECATED_OBJC_IMPLEMENTATIONS = YES;
				CLANG_WARN_DIRECT_OBJC_ISA_USAGE = YES_ERROR;
				CLANG_WARN_DOCUMENTATION_COMMENTS = YES;
				CLANG_WARN_EMPTY_BODY = YES;
				CLANG_WARN_ENUM_CONVERSION = YES;
				CLANG_WARN_INFINITE_RECURSION = YES;
				CLANG_WARN_INT_CONVERSION = YES;
				CLANG_WARN_NON_LITERAL_NULL_CONVERSION = YES;
				CLANG_WARN_OBJC_IMPLICIT_RETAIN_SELF = YES;
				CLANG_WARN_OBJC_LITERAL_CONVERSION = YES;
				CLANG_WARN_OBJC_ROOT_CLASS = YES_ERROR;
				CLANG_WARN_QUOTED_INCLUDE_IN_FRAMEWORK_HEADER = YES;
				CLANG_WARN_RANGE_LOOP_ANALYSIS = YES;
				CLANG_WARN_STRICT_PROTOTYPES = YES;
				CLANG_WARN_SUSPICIOUS_MOVE = YES;
				CLANG_WARN_UNGUARDED_AVAILABILITY = YES_AGGRESSIVE;
				CLANG_WARN_UNREACHABLE_CODE = YES;
				CLANG_WARN__DUPLICATE_METHOD_MATCH = YES;
				COPY_PHASE_STRIP = NO;
				DEBUG_INFORMATION_FORMAT = dwarf;
				DEVELOPMENT_TEAM = ZJRA382XX6;
				ENABLE_STRICT_OBJC_MSGSEND = YES;
				ENABLE_TESTABILITY = YES;
				ENABLE_USER_SCRIPT_SANDBOXING = YES;
				GCC_C_LANGUAGE_STANDARD = gnu17;
				GCC_DYNAMIC_NO_PIC = NO;
				GCC_NO_COMMON_BLOCKS = YES;
				GCC_OPTIMIZATION_LEVEL = 0;
				GCC_PREPROCESSOR_DEFINITIONS = (
					"DEBUG=1",
					"$(inherited)",
				);
				GCC_WARN_64_TO_32_BIT_CONVERSION = YES;
				GCC_WARN_ABOUT_RETURN_TYPE = YES_ERROR;
				GCC_WARN_UNDECLARED_SELECTOR = YES;
				GCC_WARN_UNINITIALIZED_AUTOS = YES_AGGRESSIVE;
				GCC_WARN_UNUSED_FUNCTION = YES;
				GCC_WARN_UNUSED_VARIABLE = YES;
				IPHONEOS_DEPLOYMENT_TARGET = 26.0;
				LOCALIZATION_PREFERS_STRING_CATALOGS = YES;
				MTL_ENABLE_DEBUG_INFO = INCLUDE_SOURCE;
				MTL_FAST_MATH = YES;
				ONLY_ACTIVE_ARCH = YES;
				SDKROOT = iphoneos;
				SWIFT_ACTIVE_COMPILATION_CONDITIONS = "DEBUG $(inherited)";
				SWIFT_OPTIMIZATION_LEVEL = "-Onone";
			};
			name = Debug;
		};
		1D2531412ED5F33000913DD5 /* Release */ = {
			isa = XCBuildConfiguration;
			baseConfigurationReference = 1D05D3632F14008400A34904 /* Secrets.xcconfig */;
			buildSettings = {
				ALWAYS_SEARCH_USER_PATHS = NO;
				ASSETCATALOG_COMPILER_GENERATE_SWIFT_ASSET_SYMBOL_EXTENSIONS = YES;
				CLANG_ANALYZER_NONNULL = YES;
				CLANG_ANALYZER_NUMBER_OBJECT_CONVERSION = YES_AGGRESSIVE;
				CLANG_CXX_LANGUAGE_STANDARD = "gnu++20";
				CLANG_ENABLE_MODULES = YES;
				CLANG_ENABLE_OBJC_ARC = YES;
				CLANG_ENABLE_OBJC_WEAK = YES;
				CLANG_WARN_BLOCK_CAPTURE_AUTORELEASING = YES;
				CLANG_WARN_BOOL_CONVERSION = YES;
				CLANG_WARN_COMMA = YES;
				CLANG_WARN_CONSTANT_CONVERSION = YES;
				CLANG_WARN_DEPRECATED_OBJC_IMPLEMENTATIONS = YES;
				CLANG_WARN_DIRECT_OBJC_ISA_USAGE = YES_ERROR;
				CLANG_WARN_DOCUMENTATION_COMMENTS = YES;
				CLANG_WARN_EMPTY_BODY = YES;
				CLANG_WARN_ENUM_CONVERSION = YES;
				CLANG_WARN_INFINITE_RECURSION = YES;
				CLANG_WARN_INT_CONVERSION = YES;
				CLANG_WARN_NON_LITERAL_NULL_CONVERSION = YES;
				CLANG_WARN_OBJC_IMPLICIT_RETAIN_SELF = YES;
				CLANG_WARN_OBJC_LITERAL_CONVERSION = YES;
				CLANG_WARN_OBJC_ROOT_CLASS = YES_ERROR;
				CLANG_WARN_QUOTED_INCLUDE_IN_FRAMEWORK_HEADER = YES;
				CLANG_WARN_RANGE_LOOP_ANALYSIS = YES;
				CLANG_WARN_STRICT_PROTOTYPES = YES;
				CLANG_WARN_SUSPICIOUS_MOVE = YES;
				CLANG_WARN_UNGUARDED_AVAILABILITY = YES_AGGRESSIVE;
				CLANG_WARN_UNREACHABLE_CODE = YES;
				CLANG_WARN__DUPLICATE_METHOD_MATCH = YES;
				COPY_PHASE_STRIP = NO;
				DEBUG_INFORMATION_FORMAT = "dwarf-with-dsym";
				DEVELOPMENT_TEAM = ZJRA382XX6;
				ENABLE_NS_ASSERTIONS = NO;
				ENABLE_STRICT_OBJC_MSGSEND = YES;
				ENABLE_USER_SCRIPT_SANDBOXING = YES;
				GCC_C_LANGUAGE_STANDARD = gnu17;
				GCC_NO_COMMON_BLOCKS = YES;
				GCC_WARN_64_TO_32_BIT_CONVERSION = YES;
				GCC_WARN_ABOUT_RETURN_TYPE = YES_ERROR;
				GCC_WARN_UNDECLARED_SELECTOR = YES;
				GCC_WARN_UNINITIALIZED_AUTOS = YES_AGGRESSIVE;
				GCC_WARN_UNUSED_FUNCTION = YES;
				GCC_WARN_UNUSED_VARIABLE = YES;
				IPHONEOS_DEPLOYMENT_TARGET = 26.0;
				LOCALIZATION_PREFERS_STRING_CATALOGS = YES;
				MTL_ENABLE_DEBUG_INFO = NO;
				MTL_FAST_MATH = YES;
				SDKROOT = iphoneos;
				SWIFT_COMPILATION_MODE = wholemodule;
				VALIDATE_PRODUCT = YES;
			};
			name = Release;
		};
		1D2531432ED5F33000913DD5 /* Debug */ = {
			isa = XCBuildConfiguration;
			buildSettings = {
				ASSETCATALOG_COMPILER_APPICON_NAME = AppIcon;
				ASSETCATALOG_COMPILER_GLOBAL_ACCENT_COLOR_NAME = AccentColor;
				CODE_SIGN_STYLE = Automatic;
				CURRENT_PROJECT_VERSION = 1;
				DEVELOPMENT_TEAM = ZJRA382XX6;
				ENABLE_PREVIEWS = YES;
				GENERATE_INFOPLIST_FILE = YES;
				INFOPLIST_FILE = H2Oe/Info.plist;
				INFOPLIST_KEY_UIApplicationSceneManifest_Generation = YES;
				INFOPLIST_KEY_UIApplicationSupportsIndirectInputEvents = YES;
				INFOPLIST_KEY_UILaunchScreen_Generation = YES;
				INFOPLIST_KEY_UISupportedInterfaceOrientations_iPad = "UIInterfaceOrientationPortrait UIInterfaceOrientationPortraitUpsideDown UIInterfaceOrientationLandscapeLeft UIInterfaceOrientationLandscapeRight";
				INFOPLIST_KEY_UISupportedInterfaceOrientations_iPhone = "UIInterfaceOrientationPortrait UIInterfaceOrientationLandscapeLeft UIInterfaceOrientationLandscapeRight";
				LD_RUNPATH_SEARCH_PATHS = (
					"$(inherited)",
					"@executable_path/Frameworks",
				);
				MARKETING_VERSION = 1.0;
				PRODUCT_BUNDLE_IDENTIFIER = at.moser.H2Oe;
				PRODUCT_NAME = "$(TARGET_NAME)";
				STRING_CATALOG_GENERATE_SYMBOLS = YES;
				SWIFT_APPROACHABLE_CONCURRENCY = YES;
				SWIFT_DEFAULT_ACTOR_ISOLATION = MainActor;
				SWIFT_EMIT_LOC_STRINGS = YES;
				SWIFT_UPCOMING_FEATURE_MEMBER_IMPORT_VISIBILITY = YES;
				SWIFT_VERSION = 5.0;
				TARGETED_DEVICE_FAMILY = "1,2";
			};
			name = Debug;
		};
		1D2531442ED5F33000913DD5 /* Release */ = {
			isa = XCBuildConfiguration;
			buildSettings = {
				ASSETCATALOG_COMPILER_APPICON_NAME = AppIcon;
				ASSETCATALOG_COMPILER_GLOBAL_ACCENT_COLOR_NAME = AccentColor;
				CODE_SIGN_STYLE = Automatic;
				CURRENT_PROJECT_VERSION = 1;
				DEVELOPMENT_TEAM = ZJRA382XX6;
				ENABLE_PREVIEWS = YES;
				GENERATE_INFOPLIST_FILE = YES;
				INFOPLIST_FILE = H2Oe/Info.plist;
				INFOPLIST_KEY_UIApplicationSceneManifest_Generation = YES;
				INFOPLIST_KEY_UIApplicationSupportsIndirectInputEvents = YES;
				INFOPLIST_KEY_UILaunchScreen_Generation = YES;
				INFOPLIST_KEY_UISupportedInterfaceOrientations_iPad = "UIInterfaceOrientationPortrait UIInterfaceOrientationPortraitUpsideDown UIInterfaceOrientationLandscapeLeft UIInterfaceOrientationLandscapeRight";
				INFOPLIST_KEY_UISupportedInterfaceOrientations_iPhone = "UIInterfaceOrientationPortrait UIInterfaceOrientationLandscapeLeft UIInterfaceOrientationLandscapeRight";
				LD_RUNPATH_SEARCH_PATHS = (
					"$(inherited)",
					"@executable_path/Frameworks",
				);
				MARKETING_VERSION = 1.0;
				PRODUCT_BUNDLE_IDENTIFIER = at.moser.H2Oe;
				PRODUCT_NAME = "$(TARGET_NAME)";
				STRING_CATALOG_GENERATE_SYMBOLS = YES;
				SWIFT_APPROACHABLE_CONCURRENCY = YES;
				SWIFT_DEFAULT_ACTOR_ISOLATION = MainActor;
				SWIFT_EMIT_LOC_STRINGS = YES;
				SWIFT_UPCOMING_FEATURE_MEMBER_IMPORT_VISIBILITY = YES;
				SWIFT_VERSION = 5.0;
				TARGETED_DEVICE_FAMILY = "1,2";
			};
			name = Release;
		};
		1D2531462ED5F33000913DD5 /* Debug */ = {
			isa = XCBuildConfiguration;
			buildSettings = {
				BUNDLE_LOADER = "$(TEST_HOST)";
				CODE_SIGN_STYLE = Automatic;
				CURRENT_PROJECT_VERSION = 1;
				DEVELOPMENT_TEAM = ZJRA382XX6;
				GENERATE_INFOPLIST_FILE = YES;
				IPHONEOS_DEPLOYMENT_TARGET = 26.0;
				MARKETING_VERSION = 1.0;
				PRODUCT_BUNDLE_IDENTIFIER = at.moser.H2OeTests;
				PRODUCT_NAME = "$(TARGET_NAME)";
				STRING_CATALOG_GENERATE_SYMBOLS = NO;
				SWIFT_APPROACHABLE_CONCURRENCY = YES;
				SWIFT_EMIT_LOC_STRINGS = NO;
				SWIFT_UPCOMING_FEATURE_MEMBER_IMPORT_VISIBILITY = YES;
				SWIFT_VERSION = 5.0;
				TARGETED_DEVICE_FAMILY = "1,2";
				TEST_HOST = "$(BUILT_PRODUCTS_DIR)/H2Oe.app/$(BUNDLE_EXECUTABLE_FOLDER_PATH)/H2Oe";
			};
			name = Debug;
		};
		1D2531472ED5F33000913DD5 /* Release */ = {
			isa = XCBuildConfiguration;
			buildSettings = {
				BUNDLE_LOADER = "$(TEST_HOST)";
				CODE_SIGN_STYLE = Automatic;
				CURRENT_PROJECT_VERSION = 1;
				DEVELOPMENT_TEAM = ZJRA382XX6;
				GENERATE_INFOPLIST_FILE = YES;
				IPHONEOS_DEPLOYMENT_TARGET = 26.0;
				MARKETING_VERSION = 1.0;
				PRODUCT_BUNDLE_IDENTIFIER = at.moser.H2OeTests;
				PRODUCT_NAME = "$(TARGET_NAME)";
				STRING_CATALOG_GENERATE_SYMBOLS = NO;
				SWIFT_APPROACHABLE_CONCURRENCY = YES;
				SWIFT_EMIT_LOC_STRINGS = NO;
				SWIFT_UPCOMING_FEATURE_MEMBER_IMPORT_VISIBILITY = YES;
				SWIFT_VERSION = 5.0;
				TARGETED_DEVICE_FAMILY = "1,2";
				TEST_HOST = "$(BUILT_PRODUCTS_DIR)/H2Oe.app/$(BUNDLE_EXECUTABLE_FOLDER_PATH)/H2Oe";
			};
			name = Release;
		};
		1D2531492ED5F33000913DD5 /* Debug */ = {
			isa = XCBuildConfiguration;
			buildSettings = {
				CODE_SIGN_STYLE = Automatic;
				CURRENT_PROJECT_VERSION = 1;
				DEVELOPMENT_TEAM = ZJRA382XX6;
				GENERATE_INFOPLIST_FILE = YES;
				MARKETING_VERSION = 1.0;
				PRODUCT_BUNDLE_IDENTIFIER = at.moser.H2OeUITests;
				PRODUCT_NAME = "$(TARGET_NAME)";
				STRING_CATALOG_GENERATE_SYMBOLS = NO;
				SWIFT_APPROACHABLE_CONCURRENCY = YES;
				SWIFT_EMIT_LOC_STRINGS = NO;
				SWIFT_UPCOMING_FEATURE_MEMBER_IMPORT_VISIBILITY = YES;
				SWIFT_VERSION = 5.0;
				TARGETED_DEVICE_FAMILY = "1,2";
				TEST_TARGET_NAME = H2Oe;
			};
			name = Debug;
		};
		1D25314A2ED5F33000913DD5 /* Release */ = {
			isa = XCBuildConfiguration;
			buildSettings = {
				CODE_SIGN_STYLE = Automatic;
				CURRENT_PROJECT_VERSION = 1;
				DEVELOPMENT_TEAM = ZJRA382XX6;
				GENERATE_INFOPLIST_FILE = YES;
				MARKETING_VERSION = 1.0;
				PRODUCT_BUNDLE_IDENTIFIER = at.moser.H2OeUITests;
				PRODUCT_NAME = "$(TARGET_NAME)";
				STRING_CATALOG_GENERATE_SYMBOLS = NO;
				SWIFT_APPROACHABLE_CONCURRENCY = YES;
				SWIFT_EMIT_LOC_STRINGS = NO;
				SWIFT_UPCOMING_FEATURE_MEMBER_IMPORT_VISIBILITY = YES;
				SWIFT_VERSION = 5.0;
				TARGETED_DEVICE_FAMILY = "1,2";
				TEST_TARGET_NAME = H2Oe;
			};
			name = Release;
		};
/* End XCBuildConfiguration section */

/* Begin XCConfigurationList section */
		1D25311A2ED5F32F00913DD5 /* Build configuration list for PBXProject "H2Oe" */ = {
			isa = XCConfigurationList;
			buildConfigurations = (
				1D2531402ED5F33000913DD5 /* Debug */,
				1D2531412ED5F33000913DD5 /* Release */,
			);
			defaultConfigurationIsVisible = 0;
			defaultConfigurationName = Release;
		};
		1D2531422ED5F33000913DD5 /* Build configuration list for PBXNativeTarget "H2Oe" */ = {
			isa = XCConfigurationList;
			buildConfigurations = (
				1D2531432ED5F33000913DD5 /* Debug */,
				1D2531442ED5F33000913DD5 /* Release */,
			);
			defaultConfigurationIsVisible = 0;
			defaultConfigurationName = Release;
		};
		1D2531452ED5F33000913DD5 /* Build configuration list for PBXNativeTarget "H2OeTests" */ = {
			isa = XCConfigurationList;
			buildConfigurations = (
				1D2531462ED5F33000913DD5 /* Debug */,
				1D2531472ED5F33000913DD5 /* Release */,
			);
			defaultConfigurationIsVisible = 0;
			defaultConfigurationName = Release;
		};
		1D2531482ED5F33000913DD5 /* Build configuration list for PBXNativeTarget "H2OeUITests" */ = {
			isa = XCConfigurationList;
			buildConfigurations = (
				1D2531492ED5F33000913DD5 /* Debug */,
				1D25314A2ED5F33000913DD5 /* Release */,
			);
			defaultConfigurationIsVisible = 0;
			defaultConfigurationName = Release;
		};
/* End XCConfigurationList section */

/* Begin XCLocalSwiftPackageReference section */
		1DFA12842ED8D84900B189B6 /* XCLocalSwiftPackageReference "../DataProvider" */ = {
			isa = XCLocalSwiftPackageReference;
			relativePath = ../DataProvider;
		};
/* End XCLocalSwiftPackageReference section */

/* Begin XCRemoteSwiftPackageReference section */
		1D05D32D2EF591DE00A34904 /* XCRemoteSwiftPackageReference "Alamofire" */ = {
			isa = XCRemoteSwiftPackageReference;
			repositoryURL = "https://github.com/Alamofire/Alamofire.git";
			requirement = {
				kind = upToNextMajorVersion;
				minimumVersion = 5.10.2;
			};
		};
/* End XCRemoteSwiftPackageReference section */

/* Begin XCSwiftPackageProductDependency section */
		1D05D32E2EF591DE00A34904 /* Alamofire */ = {
			isa = XCSwiftPackageProductDependency;
			package = 1D05D32D2EF591DE00A34904 /* XCRemoteSwiftPackageReference "Alamofire" */;
			productName = Alamofire;
		};
		1DFA12852ED8D86200B189B6 /* DataProvider */ = {
			isa = XCSwiftPackageProductDependency;
			package = 1DFA12842ED8D84900B189B6 /* XCLocalSwiftPackageReference "../DataProvider" */;
			productName = DataProvider;
		};
/* End XCSwiftPackageProductDependency section */
	};
	rootObject = 1D2531172ED5F32F00913DD5 /* Project object */;
}
